
Microsoft Visual Studio Solution File, Format Version 12.00
# Visual Studio Version 17
VisualStudioVersion = 17.14.36518.9 d17.14
MinimumVisualStudioVersion = 10.0.40219.1
Project("{2150E333-8FDC-42A3-9474-1A3956D46DE8}") = "Domain Layer", "Domain Layer", "{0956450E-8F86-494D-839E-93CA41831DC1}"
EndProject
Project("{2150E333-8FDC-42A3-9474-1A3956D46DE8}") = "Infrastructure", "Infrastructure", "{42D0CDC9-104E-4071-AB56-80335D995A4B}"
EndProject
Project("{2150E333-8FDC-42A3-9474-1A3956D46DE8}") = "Security", "Security", "{7DA070F7-A037-4736-A99D-D7AE14C2CA42}"
EndProject
Project("{FAE04EC0-301F-11D3-BF4B-00C04F79EFBC}") = "LabXand.Infrastructure.Data", "LabXand.Data\LabXand.Infrastructure.Data.csproj", "{E2FC0EB5-C6BA-401D-8AB4-9528423E8C98}"
EndProject
Project("{FAE04EC0-301F-11D3-BF4B-00C04F79EFBC}") = "LabXand.DomainLayer.Core", "LabXand.Domain.Core\LabXand.DomainLayer.Core.csproj", "{E0EBE035-4A74-4B01-A309-B239927CE932}"
EndProject
Project("{FAE04EC0-301F-11D3-BF4B-00C04F79EFBC}") = "LabXand.Core", "LabXand.Core\LabXand.Core.csproj", "{E5B58F8F-B856-4F5D-A29F-736BCEEE1B9D}"
EndProject
Project("{2150E333-8FDC-42A3-9474-1A3956D46DE8}") = "Distributed Services", "Distributed Services", "{96E76777-D273-4358-A2C1-688CD5AF0683}"
EndProject
Project("{FAE04EC0-301F-11D3-BF4B-00C04F79EFBC}") = "LabXand.DomainLayer", "LabXand.DomainLayer.Service\LabXand.DomainLayer.csproj", "{797BFF00-4D84-4D28-B92C-DF8EC884265A}"
EndProject
Project("{2150E333-8FDC-42A3-9474-1A3956D46DE8}") = "Data", "Data", "{5C2E3903-8561-4BCA-8A55-AE4BFEE6F9B2}"
EndProject
Project("{FAE04EC0-301F-11D3-BF4B-00C04F79EFBC}") = "LabXand.Infrastructure.Data.EF", "LabXand.Infrastructure.Data.EF\LabXand.Infrastructure.Data.EF.csproj", "{A196230E-95CD-4762-8E58-BE4D06556E8B}"
EndProject
Project("{FAE04EC0-301F-11D3-BF4B-00C04F79EFBC}") = "LabXand.DistributedServices.Wcf", "LabXand.DistributedServices.Wcf\LabXand.DistributedServices.Wcf.csproj", "{1017C468-CCBC-4101-A2E0-119D36A624D2}"
EndProject
Project("{FAE04EC0-301F-11D3-BF4B-00C04F79EFBC}") = "LabXand.DistributedServices", "LabXand.DistributedServices\LabXand.DistributedServices.csproj", "{316512B0-05AF-42F9-B604-7684FE878179}"
EndProject
Project("{FAE04EC0-301F-11D3-BF4B-00C04F79EFBC}") = "LabXand.DistributedServices.ClientProxy", "LabXand.DistributedServices.ClientProxy\LabXand.DistributedServices.ClientProxy.csproj", "{7874FBC1-3B5F-4240-9F01-693D27A43A8F}"
EndProject
Project("{2150E333-8FDC-42A3-9474-1A3956D46DE8}") = "Documentation", "Documentation", "{1ACB57FA-D468-46CE-A3D1-E5F492DADD52}"
EndProject
Project("{F088123C-0E9E-452A-89E6-6BA2F21D5CAC}") = "LabXand.ModelingProject", "LabXand.ModelingProject\LabXand.ModelingProject.modelproj", "{C14E4BB6-7DB8-45EE-9217-0DDE80CD76F2}"
EndProject
Project("{FAE04EC0-301F-11D3-BF4B-00C04F79EFBC}") = "LabXand.Security.Core", "LabXand.Security.Core\LabXand.Security.Core.csproj", "{DF2432A3-C235-415C-B035-972406A632F5}"
EndProject
Project("{FAE04EC0-301F-11D3-BF4B-00C04F79EFBC}") = "LabXand.Security.Wcf", "LabXand.Security.Wcf\LabXand.Security.Wcf.csproj", "{CC455553-B84A-4534-ACCA-F10F0C23354D}"
EndProject
Project("{2150E333-8FDC-42A3-9474-1A3956D46DE8}") = ".nuget", ".nuget", "{D4500F13-D618-4706-AB51-CE26667F9F55}"
	ProjectSection(SolutionItems) = preProject
		.nuget\NuGet.Config = .nuget\NuGet.Config
		.nuget\NuGet.exe = .nuget\NuGet.exe
		.nuget\NuGet.targets = .nuget\NuGet.targets
	EndProjectSection
EndProject
Project("{FAE04EC0-301F-11D3-BF4B-00C04F79EFBC}") = "LabXand.Security.WebApi", "LabXand.Security.WebApi\LabXand.Security.WebApi.csproj", "{58ED7513-2D53-4D51-AC44-7FC54A56026C}"
EndProject
Project("{FAE04EC0-301F-11D3-BF4B-00C04F79EFBC}") = "LabXand.DistributedServices.WebApi", "LabXand.DistributedServices.WebApi\LabXand.DistributedServices.WebApi.csproj", "{05275514-59F0-43C5-BB4B-3316376F57F3}"
EndProject
Project("{FAE04EC0-301F-11D3-BF4B-00C04F79EFBC}") = "LabXand.Logging.Core", "LabXand.Logging.Core\LabXand.Logging.Core.csproj", "{4E1BFC4D-180B-4D69-BFDF-5DE3C6D00033}"
EndProject
Project("{2150E333-8FDC-42A3-9474-1A3956D46DE8}") = "Logging", "Logging", "{3E2B0FAD-0B96-48D2-981A-D7CF6C48CCAB}"
EndProject
Project("{FAE04EC0-301F-11D3-BF4B-00C04F79EFBC}") = "LabXand.Logging.Data", "LabXand.Logging.Data\LabXand.Logging.Data.csproj", "{DCBCD259-02DB-49BE-83BF-D60090AC8140}"
EndProject
Project("{FAE04EC0-301F-11D3-BF4B-00C04F79EFBC}") = "LabXand.Logging.Service", "LabXand.Logging.Service\LabXand.Logging.Service.csproj", "{EE9F8E91-11B5-4EE2-8377-F413ACD7E37B}"
EndProject
Project("{FAE04EC0-301F-11D3-BF4B-00C04F79EFBC}") = "LabXand.Logging.Elasticsearch", "LabXand.Logging.Elasticsearch\LabXand.Logging.Elasticsearch.csproj", "{BB076C0B-261B-4D11-89D6-EFA7D9159A38}"
EndProject
Project("{FAE04EC0-301F-11D3-BF4B-00C04F79EFBC}") = "LabXand.Logging.LogService", "LabXand.Logging.LogService\LabXand.Logging.LogService.csproj", "{72D18A19-B56D-4E27-B12D-9C059129FACE}"
EndProject
Project("{FAE04EC0-301F-11D3-BF4B-00C04F79EFBC}") = "LabXand.Infrastructure.Data.Redis", "LabXand.Infrastructure.Data.Redis\LabXand.Infrastructure.Data.Redis.csproj", "{7A90E437-D419-4105-93C2-C5B6FF89FB71}"
EndProject
Global
	GlobalSection(SolutionConfigurationPlatforms) = preSolution
		Debug|Any CPU = Debug|Any CPU
		Release|Any CPU = Release|Any CPU
	EndGlobalSection
	GlobalSection(ProjectConfigurationPlatforms) = postSolution
		{E2FC0EB5-C6BA-401D-8AB4-9528423E8C98}.Debug|Any CPU.ActiveCfg = Debug|Any CPU
		{E2FC0EB5-C6BA-401D-8AB4-9528423E8C98}.Debug|Any CPU.Build.0 = Debug|Any CPU
		{E2FC0EB5-C6BA-401D-8AB4-9528423E8C98}.Release|Any CPU.ActiveCfg = Release|Any CPU
		{E2FC0EB5-C6BA-401D-8AB4-9528423E8C98}.Release|Any CPU.Build.0 = Release|Any CPU
		{E0EBE035-4A74-4B01-A309-B239927CE932}.Debug|Any CPU.ActiveCfg = Debug|Any CPU
		{E0EBE035-4A74-4B01-A309-B239927CE932}.Debug|Any CPU.Build.0 = Debug|Any CPU
		{E0EBE035-4A74-4B01-A309-B239927CE932}.Release|Any CPU.ActiveCfg = Release|Any CPU
		{E0EBE035-4A74-4B01-A309-B239927CE932}.Release|Any CPU.Build.0 = Release|Any CPU
		{E5B58F8F-B856-4F5D-A29F-736BCEEE1B9D}.Debug|Any CPU.ActiveCfg = Debug|Any CPU
		{E5B58F8F-B856-4F5D-A29F-736BCEEE1B9D}.Debug|Any CPU.Build.0 = Debug|Any CPU
		{E5B58F8F-B856-4F5D-A29F-736BCEEE1B9D}.Release|Any CPU.ActiveCfg = Release|Any CPU
		{E5B58F8F-B856-4F5D-A29F-736BCEEE1B9D}.Release|Any CPU.Build.0 = Release|Any CPU
		{797BFF00-4D84-4D28-B92C-DF8EC884265A}.Debug|Any CPU.ActiveCfg = Debug|Any CPU
		{797BFF00-4D84-4D28-B92C-DF8EC884265A}.Debug|Any CPU.Build.0 = Debug|Any CPU
		{797BFF00-4D84-4D28-B92C-DF8EC884265A}.Release|Any CPU.ActiveCfg = Release|Any CPU
		{797BFF00-4D84-4D28-B92C-DF8EC884265A}.Release|Any CPU.Build.0 = Release|Any CPU
		{A196230E-95CD-4762-8E58-BE4D06556E8B}.Debug|Any CPU.ActiveCfg = Debug|Any CPU
		{A196230E-95CD-4762-8E58-BE4D06556E8B}.Debug|Any CPU.Build.0 = Debug|Any CPU
		{A196230E-95CD-4762-8E58-BE4D06556E8B}.Release|Any CPU.ActiveCfg = Release|Any CPU
		{A196230E-95CD-4762-8E58-BE4D06556E8B}.Release|Any CPU.Build.0 = Release|Any CPU
		{1017C468-CCBC-4101-A2E0-119D36A624D2}.Debug|Any CPU.ActiveCfg = Debug|Any CPU
		{1017C468-CCBC-4101-A2E0-119D36A624D2}.Debug|Any CPU.Build.0 = Debug|Any CPU
		{1017C468-CCBC-4101-A2E0-119D36A624D2}.Release|Any CPU.ActiveCfg = Release|Any CPU
		{1017C468-CCBC-4101-A2E0-119D36A624D2}.Release|Any CPU.Build.0 = Release|Any CPU
		{316512B0-05AF-42F9-B604-7684FE878179}.Debug|Any CPU.ActiveCfg = Debug|Any CPU
		{316512B0-05AF-42F9-B604-7684FE878179}.Debug|Any CPU.Build.0 = Debug|Any CPU
		{316512B0-05AF-42F9-B604-7684FE878179}.Release|Any CPU.ActiveCfg = Release|Any CPU
		{316512B0-05AF-42F9-B604-7684FE878179}.Release|Any CPU.Build.0 = Release|Any CPU
		{7874FBC1-3B5F-4240-9F01-693D27A43A8F}.Debug|Any CPU.ActiveCfg = Debug|Any CPU
		{7874FBC1-3B5F-4240-9F01-693D27A43A8F}.Debug|Any CPU.Build.0 = Debug|Any CPU
		{7874FBC1-3B5F-4240-9F01-693D27A43A8F}.Release|Any CPU.ActiveCfg = Release|Any CPU
		{7874FBC1-3B5F-4240-9F01-693D27A43A8F}.Release|Any CPU.Build.0 = Release|Any CPU
		{C14E4BB6-7DB8-45EE-9217-0DDE80CD76F2}.Debug|Any CPU.ActiveCfg = Debug|Any CPU
		{C14E4BB6-7DB8-45EE-9217-0DDE80CD76F2}.Debug|Any CPU.Build.0 = Debug|Any CPU
		{C14E4BB6-7DB8-45EE-9217-0DDE80CD76F2}.Release|Any CPU.ActiveCfg = Release|Any CPU
		{C14E4BB6-7DB8-45EE-9217-0DDE80CD76F2}.Release|Any CPU.Build.0 = Release|Any CPU
		{DF2432A3-C235-415C-B035-972406A632F5}.Debug|Any CPU.ActiveCfg = Debug|Any CPU
		{DF2432A3-C235-415C-B035-972406A632F5}.Debug|Any CPU.Build.0 = Debug|Any CPU
		{DF2432A3-C235-415C-B035-972406A632F5}.Release|Any CPU.ActiveCfg = Release|Any CPU
		{DF2432A3-C235-415C-B035-972406A632F5}.Release|Any CPU.Build.0 = Release|Any CPU
		{CC455553-B84A-4534-ACCA-F10F0C23354D}.Debug|Any CPU.ActiveCfg = Debug|Any CPU
		{CC455553-B84A-4534-ACCA-F10F0C23354D}.Debug|Any CPU.Build.0 = Debug|Any CPU
		{CC455553-B84A-4534-ACCA-F10F0C23354D}.Release|Any CPU.ActiveCfg = Release|Any CPU
		{CC455553-B84A-4534-ACCA-F10F0C23354D}.Release|Any CPU.Build.0 = Release|Any CPU
		{58ED7513-2D53-4D51-AC44-7FC54A56026C}.Debug|Any CPU.ActiveCfg = Debug|Any CPU
		{58ED7513-2D53-4D51-AC44-7FC54A56026C}.Debug|Any CPU.Build.0 = Debug|Any CPU
		{58ED7513-2D53-4D51-AC44-7FC54A56026C}.Release|Any CPU.ActiveCfg = Release|Any CPU
		{58ED7513-2D53-4D51-AC44-7FC54A56026C}.Release|Any CPU.Build.0 = Release|Any CPU
		{05275514-59F0-43C5-BB4B-3316376F57F3}.Debug|Any CPU.ActiveCfg = Debug|Any CPU
		{05275514-59F0-43C5-BB4B-3316376F57F3}.Debug|Any CPU.Build.0 = Debug|Any CPU
		{05275514-59F0-43C5-BB4B-3316376F57F3}.Release|Any CPU.ActiveCfg = Release|Any CPU
		{05275514-59F0-43C5-BB4B-3316376F57F3}.Release|Any CPU.Build.0 = Release|Any CPU
		{4E1BFC4D-180B-4D69-BFDF-5DE3C6D00033}.Debug|Any CPU.ActiveCfg = Debug|Any CPU
		{4E1BFC4D-180B-4D69-BFDF-5DE3C6D00033}.Debug|Any CPU.Build.0 = Debug|Any CPU
		{4E1BFC4D-180B-4D69-BFDF-5DE3C6D00033}.Release|Any CPU.ActiveCfg = Release|Any CPU
		{4E1BFC4D-180B-4D69-BFDF-5DE3C6D00033}.Release|Any CPU.Build.0 = Release|Any CPU
		{DCBCD259-02DB-49BE-83BF-D60090AC8140}.Debug|Any CPU.ActiveCfg = Debug|Any CPU
		{DCBCD259-02DB-49BE-83BF-D60090AC8140}.Debug|Any CPU.Build.0 = Debug|Any CPU
		{DCBCD259-02DB-49BE-83BF-D60090AC8140}.Release|Any CPU.ActiveCfg = Release|Any CPU
		{DCBCD259-02DB-49BE-83BF-D60090AC8140}.Release|Any CPU.Build.0 = Release|Any CPU
		{EE9F8E91-11B5-4EE2-8377-F413ACD7E37B}.Debug|Any CPU.ActiveCfg = Debug|Any CPU
		{EE9F8E91-11B5-4EE2-8377-F413ACD7E37B}.Debug|Any CPU.Build.0 = Debug|Any CPU
		{EE9F8E91-11B5-4EE2-8377-F413ACD7E37B}.Release|Any CPU.ActiveCfg = Release|Any CPU
		{EE9F8E91-11B5-4EE2-8377-F413ACD7E37B}.Release|Any CPU.Build.0 = Release|Any CPU
		{BB076C0B-261B-4D11-89D6-EFA7D9159A38}.Debug|Any CPU.ActiveCfg = Debug|Any CPU
		{BB076C0B-261B-4D11-89D6-EFA7D9159A38}.Debug|Any CPU.Build.0 = Debug|Any CPU
		{BB076C0B-261B-4D11-89D6-EFA7D9159A38}.Release|Any CPU.ActiveCfg = Release|Any CPU
		{BB076C0B-261B-4D11-89D6-EFA7D9159A38}.Release|Any CPU.Build.0 = Release|Any CPU
		{72D18A19-B56D-4E27-B12D-9C059129FACE}.Debug|Any CPU.ActiveCfg = Debug|Any CPU
		{72D18A19-B56D-4E27-B12D-9C059129FACE}.Debug|Any CPU.Build.0 = Debug|Any CPU
		{72D18A19-B56D-4E27-B12D-9C059129FACE}.Release|Any CPU.ActiveCfg = Release|Any CPU
		{72D18A19-B56D-4E27-B12D-9C059129FACE}.Release|Any CPU.Build.0 = Release|Any CPU
		{7A90E437-D419-4105-93C2-C5B6FF89FB71}.Debug|Any CPU.ActiveCfg = Debug|Any CPU
		{7A90E437-D419-4105-93C2-C5B6FF89FB71}.Debug|Any CPU.Build.0 = Debug|Any CPU
		{7A90E437-D419-4105-93C2-C5B6FF89FB71}.Release|Any CPU.ActiveCfg = Release|Any CPU
		{7A90E437-D419-4105-93C2-C5B6FF89FB71}.Release|Any CPU.Build.0 = Release|Any CPU
	EndGlobalSection
	GlobalSection(SolutionProperties) = preSolution
		HideSolutionNode = FALSE
	EndGlobalSection
	GlobalSection(NestedProjects) = preSolution
		{E2FC0EB5-C6BA-401D-8AB4-9528423E8C98} = {5C2E3903-8561-4BCA-8A55-AE4BFEE6F9B2}
		{E0EBE035-4A74-4B01-A309-B239927CE932} = {0956450E-8F86-494D-839E-93CA41831DC1}
		{E5B58F8F-B856-4F5D-A29F-736BCEEE1B9D} = {42D0CDC9-104E-4071-AB56-80335D995A4B}
		{797BFF00-4D84-4D28-B92C-DF8EC884265A} = {0956450E-8F86-494D-839E-93CA41831DC1}
		{5C2E3903-8561-4BCA-8A55-AE4BFEE6F9B2} = {42D0CDC9-104E-4071-AB56-80335D995A4B}
		{A196230E-95CD-4762-8E58-BE4D06556E8B} = {5C2E3903-8561-4BCA-8A55-AE4BFEE6F9B2}
		{1017C468-CCBC-4101-A2E0-119D36A624D2} = {96E76777-D273-4358-A2C1-688CD5AF0683}
		{316512B0-05AF-42F9-B604-7684FE878179} = {96E76777-D273-4358-A2C1-688CD5AF0683}
		{7874FBC1-3B5F-4240-9F01-693D27A43A8F} = {96E76777-D273-4358-A2C1-688CD5AF0683}
		{C14E4BB6-7DB8-45EE-9217-0DDE80CD76F2} = {1ACB57FA-D468-46CE-A3D1-E5F492DADD52}
		{DF2432A3-C235-415C-B035-972406A632F5} = {7DA070F7-A037-4736-A99D-D7AE14C2CA42}
		{CC455553-B84A-4534-ACCA-F10F0C23354D} = {7DA070F7-A037-4736-A99D-D7AE14C2CA42}
		{58ED7513-2D53-4D51-AC44-7FC54A56026C} = {7DA070F7-A037-4736-A99D-D7AE14C2CA42}
		{05275514-59F0-43C5-BB4B-3316376F57F3} = {96E76777-D273-4358-A2C1-688CD5AF0683}
		{4E1BFC4D-180B-4D69-BFDF-5DE3C6D00033} = {3E2B0FAD-0B96-48D2-981A-D7CF6C48CCAB}
		{3E2B0FAD-0B96-48D2-981A-D7CF6C48CCAB} = {42D0CDC9-104E-4071-AB56-80335D995A4B}
		{DCBCD259-02DB-49BE-83BF-D60090AC8140} = {3E2B0FAD-0B96-48D2-981A-D7CF6C48CCAB}
		{EE9F8E91-11B5-4EE2-8377-F413ACD7E37B} = {3E2B0FAD-0B96-48D2-981A-D7CF6C48CCAB}
		{BB076C0B-261B-4D11-89D6-EFA7D9159A38} = {3E2B0FAD-0B96-48D2-981A-D7CF6C48CCAB}
		{72D18A19-B56D-4E27-B12D-9C059129FACE} = {3E2B0FAD-0B96-48D2-981A-D7CF6C48CCAB}
		{7A90E437-D419-4105-93C2-C5B6FF89FB71} = {5C2E3903-8561-4BCA-8A55-AE4BFEE6F9B2}
	EndGlobalSection
	GlobalSection(ExtensibilityGlobals) = postSolution
		SolutionGuid = {9449D0D1-A660-4921-AF59-EFB831445B9C}
	EndGlobalSection
EndGlobal
